
Microsoft Visual Studio Solution File, Format Version 12.00
# Visual Studio 14
VisualStudioVersion = 14.0.25123.0
MinimumVisualStudioVersion = 10.0.40219.1
Project("{FAE04EC0-301F-11D3-BF4B-00C04F79EFBC}") = "Lab2Calculator", "Lab2Calculator.csproj", "{4EEE1EE9-E04A-4AAA-8EBB-D1877578E9FC}"
EndProject
Global
	GlobalSection(SolutionConfigurationPlatforms) = preSolution
		Debug|Any CPU = Debug|Any CPU
		Release|Any CPU = Release|Any CPU
	EndGlobalSection
	GlobalSection(ProjectConfigurationPlatforms) = postSolution
		{4EEE1EE9-E04A-4AAA-8EBB-D1877578E9FC}.Debug|Any CPU.ActiveCfg = Debug|Any CPU
		{4EEE1EE9-E04A-4AAA-8EBB-D1877578E9FC}.Debug|Any CPU.Build.0 = Debug|Any CPU
		{4EEE1EE9-E04A-4AAA-8EBB-D1877578E9FC}.Release|Any CPU.ActiveCfg = Release|Any CPU
		{4EEE1EE9-E04A-4AAA-8EBB-D1877578E9FC}.Release|Any CPU.Build.0 = Release|Any CPU
	EndGlobalSection
	GlobalSection(SolutionProperties) = preSolution
		HideSolutionNode = FALSE
	EndGlobalSection
EndGlobal
